// !$*UTF8*$!
{
	archiveVersion = 1;
	classes = {
	};
	objectVersion = 50;
	objects = {

/* Begin PBXBuildFile section */
		2215B49E25C299CC0048AF64 /* SwiftUIDesignsApp.swift in Sources */ = {isa = PBXBuildFile; fileRef = 2215B49D25C299CC0048AF64 /* SwiftUIDesignsApp.swift */; };
		2215B4A025C299CC0048AF64 /* ContentView.swift in Sources */ = {isa = PBXBuildFile; fileRef = 2215B49F25C299CC0048AF64 /* ContentView.swift */; };
		2215B4A225C299D30048AF64 /* Assets.xcassets in Resources */ = {isa = PBXBuildFile; fileRef = 2215B4A125C299D30048AF64 /* Assets.xcassets */; };
		2215B4A525C299D30048AF64 /* Preview Assets.xcassets in Resources */ = {isa = PBXBuildFile; fileRef = 2215B4A425C299D30048AF64 /* Preview Assets.xcassets */; };
		2215B4B025C299D40048AF64 /* SwiftUIDesignsTests.swift in Sources */ = {isa = PBXBuildFile; fileRef = 2215B4AF25C299D40048AF64 /* SwiftUIDesignsTests.swift */; };
		2215B4BB25C299D40048AF64 /* SwiftUIDesignsUITests.swift in Sources */ = {isa = PBXBuildFile; fileRef = 2215B4BA25C299D40048AF64 /* SwiftUIDesignsUITests.swift */; };
/* End PBXBuildFile section */

/* Begin PBXContainerItemProxy section */
		2215B4AC25C299D40048AF64 /* PBXContainerItemProxy */ = {
			isa = PBXContainerItemProxy;
			containerPortal = 2215B49225C299CC0048AF64 /* Project object */;
			proxyType = 1;
			remoteGlobalIDString = 2215B49925C299CC0048AF64;
			remoteInfo = SwiftUIDesigns;
		};
		2215B4B725C299D40048AF64 /* PBXContainerItemProxy */ = {
			isa = PBXContainerItemProxy;
			containerPortal = 2215B49225C299CC0048AF64 /* Project object */;
			proxyType = 1;
			remoteGlobalIDString = 2215B49925C299CC0048AF64;
			remoteInfo = SwiftUIDesigns;
		};
/* End PBXContainerItemProxy section */

/* Begin PBXFileReference section */
		2215B49A25C299CC0048AF64 /* SwiftUIDesigns.app */ = {isa = PBXFileReference; explicitFileType = wrapper.application; includeInIndex = 0; path = SwiftUIDesigns.app; sourceTree = BUILT_PRODUCTS_DIR; };
		2215B49D25C299CC0048AF64 /* SwiftUIDesignsApp.swift */ = {isa = PBXFileReference; lastKnownFileType = sourcecode.swift; path = SwiftUIDesignsApp.swift; sourceTree = "<group>"; };
		2215B49F25C299CC0048AF64 /* ContentView.swift */ = {isa = PBXFileReference; lastKnownFileType = sourcecode.swift; path = ContentView.swift; sourceTree = "<group>"; };
		2215B4A125C299D30048AF64 /* Assets.xcassets */ = {isa = PBXFileReference; lastKnownFileType = folder.assetcatalog; path = Assets.xcassets; sourceTree = "<group>"; };
		2215B4A425C299D30048AF64 /* Preview Assets.xcassets */ = {isa = PBXFileReference; lastKnownFileType = folder.assetcatalog; path = "Preview Assets.xcassets"; sourceTree = "<group>"; };
		2215B4A625C299D30048AF64 /* Info.plist */ = {isa = PBXFileReference; lastKnownFileType = text.plist.xml; path = Info.plist; sourceTree = "<group>"; };
		2215B4AB25C299D30048AF64 /* SwiftUIDesignsTests.xctest */ = {isa = PBXFileReference; explicitFileType = wrapper.cfbundle; includeInIndex = 0; path = SwiftUIDesignsTests.xctest; sourceTree = BUILT_PRODUCTS_DIR; };
		2215B4AF25C299D40048AF64 /* SwiftUIDesignsTests.swift */ = {isa = PBXFileReference; lastKnownFileType = sourcecode.swift; path = SwiftUIDesignsTests.swift; sourceTree = "<group>"; };
		2215B4B125C299D40048AF64 /* Info.plist */ = {isa = PBXFileReference; lastKnownFileType = text.plist.xml; path = Info.plist; sourceTree = "<group>"; };
		2215B4B625C299D40048AF64 /* SwiftUIDesignsUITests.xctest */ = {isa = PBXFileReference; explicitFileType = wrapper.cfbundle; includeInIndex = 0; path = SwiftUIDesignsUITests.xctest; sourceTree = BUILT_PRODUCTS_DIR; };
		2215B4BA25C299D40048AF64 /* SwiftUIDesignsUITests.swift */ = {isa = PBXFileReference; lastKnownFileType = sourcecode.swift; path = SwiftUIDesignsUITests.swift; sourceTree = "<group>"; };
		2215B4BC25C299D40048AF64 /* Info.plist */ = {isa = PBXFileReference; lastKnownFileType = text.plist.xml; path = Info.plist; sourceTree = "<group>"; };
/* End PBXFileReference section */

/* Begin PBXFrameworksBuildPhase section */
		2215B49725C299CC0048AF64 /* Frameworks */ = {
			isa = PBXFrameworksBuildPhase;
			buildActionMask = 2147483647;
			files = (
			);
			runOnlyForDeploymentPostprocessing = 0;
		};
		2215B4A825C299D30048AF64 /* Frameworks */ = {
			isa = PBXFrameworksBuildPhase;
			buildActionMask = 2147483647;
			files = (
			);
			runOnlyForDeploymentPostprocessing = 0;
		};
		2215B4B325C299D40048AF64 /* Frameworks */ = {
			isa = PBXFrameworksBuildPhase;
			buildActionMask = 2147483647;
			files = (
			);
			runOnlyForDeploymentPostprocessing = 0;
		};
/* End PBXFrameworksBuildPhase section */

/* Begin PBXGroup section */
		2215B49125C299CC0048AF64 = {
			isa = PBXGroup;
			children = (
				2215B49C25C299CC0048AF64 /* SwiftUIDesigns */,
				2215B4AE25C299D40048AF64 /* SwiftUIDesignsTests */,
				2215B4B925C299D40048AF64 /* SwiftUIDesignsUITests */,
				2215B49B25C299CC0048AF64 /* Products */,
			);
			sourceTree = "<group>";
		};
		2215B49B25C299CC0048AF64 /* Products */ = {
			isa = PBXGroup;
			children = (
				2215B49A25C299CC0048AF64 /* SwiftUIDesigns.app */,
				2215B4AB25C299D30048AF64 /* SwiftUIDesignsTests.xctest */,
				2215B4B625C299D40048AF64 /* SwiftUIDesignsUITests.xctest */,
			);
			name = Products;
			sourceTree = "<group>";
		};
		2215B49C25C299CC0048AF64 /* SwiftUIDesigns */ = {
			isa = PBXGroup;
			children = (
				2215B49D25C299CC0048AF64 /* SwiftUIDesignsApp.swift */,
				2215B49F25C299CC0048AF64 /* ContentView.swift */,
				2215B4A125C299D30048AF64 /* Assets.xcassets */,
				2215B4A625C299D30048AF64 /* Info.plist */,
				2215B4A325C299D30048AF64 /* Preview Content */,
			);
			path = SwiftUIDesigns;
			sourceTree = "<group>";
		};
		2215B4A325C299D30048AF64 /* Preview Content */ = {
			isa = PBXGroup;
			children = (
				2215B4A425C299D30048AF64 /* Preview Assets.xcassets */,
			);
			path = "Preview Content";
			sourceTree = "<group>";
		};
		2215B4AE25C299D40048AF64 /* SwiftUIDesignsTests */ = {
			isa = PBXGroup;
			children = (
				2215B4AF25C299D40048AF64 /* SwiftUIDesignsTests.swift */,
				2215B4B125C299D40048AF64 /* Info.plist */,
			);
			path = SwiftUIDesignsTests;
			sourceTree = "<group>";
		};
		2215B4B925C299D40048AF64 /* SwiftUIDesignsUITests */ = {
			isa = PBXGroup;
			children = (
				2215B4BA25C299D40048AF64 /* SwiftUIDesignsUITests.swift */,
				2215B4BC25C299D40048AF64 /* Info.plist */,
			);
			path = SwiftUIDesignsUITests;
			sourceTree = "<group>";
		};
/* End PBXGroup section */

/* Begin PBXNativeTarget section */
		2215B49925C299CC0048AF64 /* SwiftUIDesigns */ = {
			isa = PBXNativeTarget;
			buildConfigurationList = 2215B4BF25C299D40048AF64 /* Build configuration list for PBXNativeTarget "SwiftUIDesigns" */;
			buildPhases = (
				2215B49625C299CC0048AF64 /* Sources */,
				2215B49725C299CC0048AF64 /* Frameworks */,
				2215B49825C299CC0048AF64 /* Resources */,
			);
			buildRules = (
			);
			dependencies = (
			);
			name = SwiftUIDesigns;
			productName = SwiftUIDesigns;
			productReference = 2215B49A25C299CC0048AF64 /* SwiftUIDesigns.app */;
			productType = "com.apple.product-type.application";
		};
		2215B4AA25C299D30048AF64 /* SwiftUIDesignsTests */ = {
			isa = PBXNativeTarget;
			buildConfigurationList = 2215B4C225C299D40048AF64 /* Build configuration list for PBXNativeTarget "SwiftUIDesignsTests" */;
			buildPhases = (
				2215B4A725C299D30048AF64 /* Sources */,
				2215B4A825C299D30048AF64 /* Frameworks */,
				2215B4A925C299D30048AF64 /* Resources */,
			);
			buildRules = (
			);
			dependencies = (
				2215B4AD25C299D40048AF64 /* PBXTargetDependency */,
			);
			name = SwiftUIDesignsTests;
			productName = SwiftUIDesignsTests;
			productReference = 2215B4AB25C299D30048AF64 /* SwiftUIDesignsTests.xctest */;
			productType = "com.apple.product-type.bundle.unit-test";
		};
		2215B4B525C299D40048AF64 /* SwiftUIDesignsUITests */ = {
			isa = PBXNativeTarget;
			buildConfigurationList = 2215B4C525C299D40048AF64 /* Build configuration list for PBXNativeTarget "SwiftUIDesignsUITests" */;
			buildPhases = (
				2215B4B225C299D40048AF64 /* Sources */,
				2215B4B325C299D40048AF64 /* Frameworks */,
				2215B4B425C299D40048AF64 /* Resources */,
			);
			buildRules = (
			);
			dependencies = (
				2215B4B825C299D40048AF64 /* PBXTargetDependency */,
			);
			name = SwiftUIDesignsUITests;
			productName = SwiftUIDesignsUITests;
			productReference = 2215B4B625C299D40048AF64 /* SwiftUIDesignsUITests.xctest */;
			productType = "com.apple.product-type.bundle.ui-testing";
		};
/* End PBXNativeTarget section */

/* Begin PBXProject section */
		2215B49225C299CC0048AF64 /* Project object */ = {
			isa = PBXProject;
			attributes = {
				LastSwiftUpdateCheck = 1230;
				LastUpgradeCheck = 1230;
				TargetAttributes = {
					2215B49925C299CC0048AF64 = {
						CreatedOnToolsVersion = 12.3;
					};
					2215B4AA25C299D30048AF64 = {
						CreatedOnToolsVersion = 12.3;
						TestTargetID = 2215B49925C299CC0048AF64;
					};
					2215B4B525C299D40048AF64 = {
						CreatedOnToolsVersion = 12.3;
						TestTargetID = 2215B49925C299CC0048AF64;
					};
				};
			};
			buildConfigurationList = 2215B49525C299CC0048AF64 /* Build configuration list for PBXProject "SwiftUIDesigns" */;
			compatibilityVersion = "Xcode 9.3";
			developmentRegion = en;
			hasScannedForEncodings = 0;
			knownRegions = (
				en,
				Base,
			);
			mainGroup = 2215B49125C299CC0048AF64;
			productRefGroup = 2215B49B25C299CC0048AF64 /* Products */;
			projectDirPath = "";
			projectRoot = "";
			targets = (
				2215B49925C299CC0048AF64 /* SwiftUIDesigns */,
				2215B4AA25C299D30048AF64 /* SwiftUIDesignsTests */,
				2215B4B525C299D40048AF64 /* SwiftUIDesignsUITests */,
			);
		};
/* End PBXProject section */

/* Begin PBXResourcesBuildPhase section */
		2215B49825C299CC0048AF64 /* Resources */ = {
			isa = PBXResourcesBuildPhase;
			buildActionMask = 2147483647;
			files = (
				2215B4A525C299D30048AF64 /* Preview Assets.xcassets in Resources */,
				2215B4A225C299D30048AF64 /* Assets.xcassets in Resources */,
			);
			runOnlyForDeploymentPostprocessing = 0;
		};
		2215B4A925C299D30048AF64 /* Resources */ = {
			isa = PBXResourcesBuildPhase;
			buildActionMask = 2147483647;
			files = (
			);
			runOnlyForDeploymentPostprocessing = 0;
		};
		2215B4B425C299D40048AF64 /* Resources */ = {
			isa = PBXResourcesBuildPhase;
			buildActionMask = 2147483647;
			files = (
			);
			runOnlyForDeploymentPostprocessing = 0;
		};
/* End PBXResourcesBuildPhase section */

/* Begin PBXSourcesBuildPhase section */
		2215B49625C299CC0048AF64 /* Sources */ = {
			isa = PBXSourcesBuildPhase;
			buildActionMask = 2147483647;
			files = (
				2215B4A025C299CC0048AF64 /* ContentView.swift in Sources */,
				2215B49E25C299CC0048AF64 /* SwiftUIDesignsApp.swift in Sources */,
			);
			runOnlyForDeploymentPostprocessing = 0;
		};
		2215B4A725C299D30048AF64 /* Sources */ = {
			isa = PBXSourcesBuildPhase;
			buildActionMask = 2147483647;
			files = (
				2215B4B025C299D40048AF64 /* SwiftUIDesignsTests.swift in Sources */,
			);
			runOnlyForDeploymentPostprocessing = 0;
		};
		2215B4B225C299D40048AF64 /* Sources */ = {
			isa = PBXSourcesBuildPhase;
			buildActionMask = 2147483647;
			files = (
				2215B4BB25C299D40048AF64 /* SwiftUIDesignsUITests.swift in Sources */,
			);
			runOnlyForDeploymentPostprocessing = 0;
		};
/* End PBXSourcesBuildPhase section */

/* Begin PBXTargetDependency section */
		2215B4AD25C299D40048AF64 /* PBXTargetDependency */ = {
			isa = PBXTargetDependency;
			target = 2215B49925C299CC0048AF64 /* SwiftUIDesigns */;
			targetProxy = 2215B4AC25C299D40048AF64 /* PBXContainerItemProxy */;
		};
		2215B4B825C299D40048AF64 /* PBXTargetDependency */ = {
			isa = PBXTargetDependency;
			target = 2215B49925C299CC0048AF64 /* SwiftUIDesigns */;
			targetProxy = 2215B4B725C299D40048AF64 /* PBXContainerItemProxy */;
		};
/* End PBXTargetDependency section */

/* Begin XCBuildConfiguration section */
		2215B4BD25C299D40048AF64 /* Debug */ = {
			isa = XCBuildConfiguration;
			buildSettings = {
				ALWAYS_SEARCH_USER_PATHS = NO;
				CLANG_ANALYZER_NONNULL = YES;
				CLANG_ANALYZER_NUMBER_OBJECT_CONVERSION = YES_AGGRESSIVE;
				CLANG_CXX_LANGUAGE_STANDARD = "gnu++14";
				CLANG_CXX_LIBRARY = "libc++";
				CLANG_ENABLE_MODULES = YES;
				CLANG_ENABLE_OBJC_ARC = YES;
				CLANG_ENABLE_OBJC_WEAK = YES;
				CLANG_WARN_BLOCK_CAPTURE_AUTORELEASING = YES;
				CLANG_WARN_BOOL_CONVERSION = YES;
				CLANG_WARN_COMMA = YES;
				CLANG_WARN_CONSTANT_CONVERSION = YES;
				CLANG_WARN_DEPRECATED_OBJC_IMPLEMENTATIONS = YES;
				CLANG_WARN_DIRECT_OBJC_ISA_USAGE = YES_ERROR;
				CLANG_WARN_DOCUMENTATION_COMMENTS = YES;
				CLANG_WARN_EMPTY_BODY = YES;
				CLANG_WARN_ENUM_CONVERSION = YES;
				CLANG_WARN_INFINITE_RECURSION = YES;
				CLANG_WARN_INT_CONVERSION = YES;
				CLANG_WARN_NON_LITERAL_NULL_CONVERSION = YES;
				CLANG_WARN_OBJC_IMPLICIT_RETAIN_SELF = YES;
				CLANG_WARN_OBJC_LITERAL_CONVERSION = YES;
				CLANG_WARN_OBJC_ROOT_CLASS = YES_ERROR;
				CLANG_WARN_QUOTED_INCLUDE_IN_FRAMEWORK_HEADER = YES;
				CLANG_WARN_RANGE_LOOP_ANALYSIS = YES;
				CLANG_WARN_STRICT_PROTOTYPES = YES;
				CLANG_WARN_SUSPICIOUS_MOVE = YES;
				CLANG_WARN_UNGUARDED_AVAILABILITY = YES_AGGRESSIVE;
				CLANG_WARN_UNREACHABLE_CODE = YES;
				CLANG_WARN__DUPLICATE_METHOD_MATCH = YES;
				COPY_PHASE_STRIP = NO;
				DEBUG_INFORMATION_FORMAT = dwarf;
				ENABLE_STRICT_OBJC_MSGSEND = YES;
				ENABLE_TESTABILITY = YES;
				GCC_C_LANGUAGE_STANDARD = gnu11;
				GCC_DYNAMIC_NO_PIC = NO;
				GCC_NO_COMMON_BLOCKS = YES;
				GCC_OPTIMIZATION_LEVEL = 0;
				GCC_PREPROCESSOR_DEFINITIONS = (
					"DEBUG=1",
					"$(inherited)",
				);
				GCC_WARN_64_TO_32_BIT_CONVERSION = YES;
				GCC_WARN_ABOUT_RETURN_TYPE = YES_ERROR;
				GCC_WARN_UNDECLARED_SELECTOR = YES;
				GCC_WARN_UNINITIALIZED_AUTOS = YES_AGGRESSIVE;
				GCC_WARN_UNUSED_FUNCTION = YES;
				GCC_WARN_UNUSED_VARIABLE = YES;
				IPHONEOS_DEPLOYMENT_TARGET = 14.3;
				MTL_ENABLE_DEBUG_INFO = INCLUDE_SOURCE;
				MTL_FAST_MATH = YES;
				ONLY_ACTIVE_ARCH = YES;
				SDKROOT = iphoneos;
				SWIFT_ACTIVE_COMPILATION_CONDITIONS = DEBUG;
				SWIFT_OPTIMIZATION_LEVEL = "-Onone";
			};
			name = Debug;
		};
		2215B4BE25C299D40048AF64 /* Release */ = {
			isa = XCBuildConfiguration;
			buildSettings = {
				ALWAYS_SEARCH_USER_PATHS = NO;
				CLANG_ANALYZER_NONNULL = YES;
				CLANG_ANALYZER_NUMBER_OBJECT_CONVERSION = YES_AGGRESSIVE;
				CLANG_CXX_LANGUAGE_STANDARD = "gnu++14";
				CLANG_CXX_LIBRARY = "libc++";
				CLANG_ENABLE_MODULES = YES;
				CLANG_ENABLE_OBJC_ARC = YES;
				CLANG_ENABLE_OBJC_WEAK = YES;
				CLANG_WARN_BLOCK_CAPTURE_AUTORELEASING = YES;
				CLANG_WARN_BOOL_CONVERSION = YES;
				CLANG_WARN_COMMA = YES;
				CLANG_WARN_CONSTANT_CONVERSION = YES;
				CLANG_WARN_DEPRECATED_OBJC_IMPLEMENTATIONS = YES;
				CLANG_WARN_DIRECT_OBJC_ISA_USAGE = YES_ERROR;
				CLANG_WARN_DOCUMENTATION_COMMENTS = YES;
				CLANG_WARN_EMPTY_BODY = YES;
				CLANG_WARN_ENUM_CONVERSION = YES;
				CLANG_WARN_INFINITE_RECURSION = YES;
				CLANG_WARN_INT_CONVERSION = YES;
				CLANG_WARN_NON_LITERAL_NULL_CONVERSION = YES;
				CLANG_WARN_OBJC_IMPLICIT_RETAIN_SELF = YES;
				CLANG_WARN_OBJC_LITERAL_CONVERSION = YES;
				CLANG_WARN_OBJC_ROOT_CLASS = YES_ERROR;
				CLANG_WARN_QUOTED_INCLUDE_IN_FRAMEWORK_HEADER = YES;
				CLANG_WARN_RANGE_LOOP_ANALYSIS = YES;
				CLANG_WARN_STRICT_PROTOTYPES = YES;
				CLANG_WARN_SUSPICIOUS_MOVE = YES;
				CLANG_WARN_UNGUARDED_AVAILABILITY = YES_AGGRESSIVE;
				CLANG_WARN_UNREACHABLE_CODE = YES;
				CLANG_WARN__DUPLICATE_METHOD_MATCH = YES;
				COPY_PHASE_STRIP = NO;
				DEBUG_INFORMATION_FORMAT = "dwarf-with-dsym";
				ENABLE_NS_ASSERTIONS = NO;
				ENABLE_STRICT_OBJC_MSGSEND = YES;
				GCC_C_LANGUAGE_STANDARD = gnu11;
				GCC_NO_COMMON_BLOCKS = YES;
				GCC_WARN_64_TO_32_BIT_CONVERSION = YES;
				GCC_WARN_ABOUT_RETURN_TYPE = YES_ERROR;
				GCC_WARN_UNDECLARED_SELECTOR = YES;
				GCC_WARN_UNINITIALIZED_AUTOS = YES_AGGRESSIVE;
				GCC_WARN_UNUSED_FUNCTION = YES;
				GCC_WARN_UNUSED_VARIABLE = YES;
				IPHONEOS_DEPLOYMENT_TARGET = 14.3;
				MTL_ENABLE_DEBUG_INFO = NO;
				MTL_FAST_MATH = YES;
				SDKROOT = iphoneos;
				SWIFT_COMPILATION_MODE = wholemodule;
				SWIFT_OPTIMIZATION_LEVEL = "-O";
				VALIDATE_PRODUCT = YES;
			};
			name = Release;
		};
		2215B4C025C299D40048AF64 /* Debug */ = {
			isa = XCBuildConfiguration;
			buildSettings = {
				ASSETCATALOG_COMPILER_APPICON_NAME = AppIcon;
				ASSETCATALOG_COMPILER_GLOBAL_ACCENT_COLOR_NAME = AccentColor;
				CODE_SIGN_STYLE = Automatic;
				DEVELOPMENT_ASSET_PATHS = "\"SwiftUIDesigns/Preview Content\"";
				DEVELOPMENT_TEAM = 6Q233F3ZPX;
				ENABLE_PREVIEWS = YES;
				INFOPLIST_FILE = SwiftUIDesigns/Info.plist;
				IPHONEOS_DEPLOYMENT_TARGET = 14.0;
				LD_RUNPATH_SEARCH_PATHS = (
					"$(inherited)",
					"@executable_path/Frameworks",
				);
				PRODUCT_BUNDLE_IDENTIFIER = com.app.SwiftUIDesigns;
				PRODUCT_NAME = "$(TARGET_NAME)";
				SWIFT_VERSION = 5.0;
				TARGETED_DEVICE_FAMILY = "1,2";
			};
			name = Debug;
		};
		2215B4C125C299D40048AF64 /* Release */ = {
			isa = XCBuildConfiguration;
			buildSettings = {
				ASSETCATALOG_COMPILER_APPICON_NAME = AppIcon;
				ASSETCATALOG_COMPILER_GLOBAL_ACCENT_COLOR_NAME = AccentColor;
				CODE_SIGN_STYLE = Automatic;
				DEVELOPMENT_ASSET_PATHS = "\"SwiftUIDesigns/Preview Content\"";
				DEVELOPMENT_TEAM = 6Q233F3ZPX;
				ENABLE_PREVIEWS = YES;
				INFOPLIST_FILE = SwiftUIDesigns/Info.plist;
				IPHONEOS_DEPLOYMENT_TARGET = 14.0;
				LD_RUNPATH_SEARCH_PATHS = (
					"$(inherited)",
					"@executable_path/Frameworks",
				);
				PRODUCT_BUNDLE_IDENTIFIER = com.app.SwiftUIDesigns;
				PRODUCT_NAME = "$(TARGET_NAME)";
				SWIFT_VERSION = 5.0;
				TARGETED_DEVICE_FAMILY = "1,2";
			};
			name = Release;
		};
		2215B4C325C299D40048AF64 /* Debug */ = {
			isa = XCBuildConfiguration;
			buildSettings = {
				ALWAYS_EMBED_SWIFT_STANDARD_LIBRARIES = YES;
				BUNDLE_LOADER = "$(TEST_HOST)";
				CODE_SIGN_STYLE = Automatic;
				DEVELOPMENT_TEAM = 6Q233F3ZPX;
				INFOPLIST_FILE = SwiftUIDesignsTests/Info.plist;
				IPHONEOS_DEPLOYMENT_TARGET = 14.0;
				LD_RUNPATH_SEARCH_PATHS = (
					"$(inherited)",
					"@executable_path/Frameworks",
					"@loader_path/Frameworks",
				);
				PRODUCT_BUNDLE_IDENTIFIER = com.app.SwiftUIDesignsTests;
				PRODUCT_NAME = "$(TARGET_NAME)";
				SWIFT_VERSION = 5.0;
				TARGETED_DEVICE_FAMILY = "1,2";
				TEST_HOST = "$(BUILT_PRODUCTS_DIR)/SwiftUIDesigns.app/SwiftUIDesigns";
			};
			name = Debug;
		};
		2215B4C425C299D40048AF64 /* Release */ = {
			isa = XCBuildConfiguration;
			buildSettings = {
				ALWAYS_EMBED_SWIFT_STANDARD_LIBRARIES = YES;
				BUNDLE_LOADER = "$(TEST_HOST)";
				CODE_SIGN_STYLE = Automatic;
				DEVELOPMENT_TEAM = 6Q233F3ZPX;
				INFOPLIST_FILE = SwiftUIDesignsTests/Info.plist;
				IPHONEOS_DEPLOYMENT_TARGET = 14.0;
				LD_RUNPATH_SEARCH_PATHS = (
					"$(inherited)",
					"@executable_path/Frameworks",
					"@loader_path/Frameworks",
				);
				PRODUCT_BUNDLE_IDENTIFIER = com.app.SwiftUIDesignsTests;
				PRODUCT_NAME = "$(TARGET_NAME)";
				SWIFT_VERSION = 5.0;
				TARGETED_DEVICE_FAMILY = "1,2";
				TEST_HOST = "$(BUILT_PRODUCTS_DIR)/SwiftUIDesigns.app/SwiftUIDesigns";
			};
			name = Release;
		};
		2215B4C625C299D40048AF64 /* Debug */ = {
			isa = XCBuildConfiguration;
			buildSettings = {
				ALWAYS_EMBED_SWIFT_STANDARD_LIBRARIES = YES;
				CODE_SIGN_STYLE = Automatic;
				DEVELOPMENT_TEAM = 6Q233F3ZPX;
				INFOPLIST_FILE = SwiftUIDesignsUITests/Info.plist;
				LD_RUNPATH_SEARCH_PATHS = (
					"$(inherited)",
					"@executable_path/Frameworks",
					"@loader_path/Frameworks",
				);
				PRODUCT_BUNDLE_IDENTIFIER = com.app.SwiftUIDesignsUITests;
				PRODUCT_NAME = "$(TARGET_NAME)";
				SWIFT_VERSION = 5.0;
				TARGETED_DEVICE_FAMILY = "1,2";
				TEST_TARGET_NAME = SwiftUIDesigns;
			};
			name = Debug;
		};
		2215B4C725C299D40048AF64 /* Release */ = {
			isa = XCBuildConfiguration;
			buildSettings = {
				ALWAYS_EMBED_SWIFT_STANDARD_LIBRARIES = YES;
				CODE_SIGN_STYLE = Automatic;
				DEVELOPMENT_TEAM = 6Q233F3ZPX;
				INFOPLIST_FILE = SwiftUIDesignsUITests/Info.plist;
				LD_RUNPATH_SEARCH_PATHS = (
					"$(inherited)",
					"@executable_path/Frameworks",
					"@loader_path/Frameworks",
				);
				PRODUCT_BUNDLE_IDENTIFIER = com.app.SwiftUIDesignsUITests;
				PRODUCT_NAME = "$(TARGET_NAME)";
				SWIFT_VERSION = 5.0;
				TARGETED_DEVICE_FAMILY = "1,2";
				TEST_TARGET_NAME = SwiftUIDesigns;
			};
			name = Release;
		};
/* End XCBuildConfiguration section */

/* Begin XCConfigurationList section */
		2215B49525C299CC0048AF64 /* Build configuration list for PBXProject "SwiftUIDesigns" */ = {
			isa = XCConfigurationList;
			buildConfigurations = (
				2215B4BD25C299D40048AF64 /* Debug */,
				2215B4BE25C299D40048AF64 /* Release */,
			);
			defaultConfigurationIsVisible = 0;
			defaultConfigurationName = Release;
		};
		2215B4BF25C299D40048AF64 /* Build configuration list for PBXNativeTarget "SwiftUIDesigns" */ = {
			isa = XCConfigurationList;
			buildConfigurations = (
				2215B4C025C299D40048AF64 /* Debug */,
				2215B4C125C299D40048AF64 /* Release */,
			);
			defaultConfigurationIsVisible = 0;
			defaultConfigurationName = Release;
		};
		2215B4C225C299D40048AF64 /* Build configuration list for PBXNativeTarget "SwiftUIDesignsTests" */ = {
			isa = XCConfigurationList;
			buildConfigurations = (
				2215B4C325C299D40048AF64 /* Debug */,
				2215B4C425C299D40048AF64 /* Release */,
			);
			defaultConfigurationIsVisible = 0;
			defaultConfigurationName = Release;
		};
		2215B4C525C299D40048AF64 /* Build configuration list for PBXNativeTarget "SwiftUIDesignsUITests" */ = {
			isa = XCConfigurationList;
			buildConfigurations = (
				2215B4C625C299D40048AF64 /* Debug */,
				2215B4C725C299D40048AF64 /* Release */,
			);
			defaultConfigurationIsVisible = 0;
			defaultConfigurationName = Release;
		};
/* End XCConfigurationList section */
	};
	rootObject = 2215B49225C299CC0048AF64 /* Project object */;
}
